
Microsoft Visual Studio Solution File, Format Version 12.00
# Visual Studio Version 16
VisualStudioVersion = 16.0.33328.57
MinimumVisualStudioVersion = 10.0.40219.1
Project("{FAE04EC0-301F-11D3-BF4B-00C04F79EFBC}") = "PracticaN3ProgramacionI", "PracticaN3ProgramacionI\PracticaN3ProgramacionI.csproj", "{FA60E561-66BB-4C4E-AADB-EE3D387070ED}"
EndProject
Global
	GlobalSection(SolutionConfigurationPlatforms) = preSolution
		Debug|Any CPU = Debug|Any CPU
		Release|Any CPU = Release|Any CPU
	EndGlobalSection
	GlobalSection(ProjectConfigurationPlatforms) = postSolution
		{FA60E561-66BB-4C4E-AADB-EE3D387070ED}.Debug|Any CPU.ActiveCfg = Debug|Any CPU
		{FA60E561-66BB-4C4E-AADB-EE3D387070ED}.Debug|Any CPU.Build.0 = Debug|Any CPU
		{FA60E561-66BB-4C4E-AADB-EE3D387070ED}.Release|Any CPU.ActiveCfg = Release|Any CPU
		{FA60E561-66BB-4C4E-AADB-EE3D387070ED}.Release|Any CPU.Build.0 = Release|Any CPU
	EndGlobalSection
	GlobalSection(SolutionProperties) = preSolution
		HideSolutionNode = FALSE
	EndGlobalSection
	GlobalSection(ExtensibilityGlobals) = postSolution
		SolutionGuid = {630D55C7-F44E-4F70-84BA-6AA667892F9B}
	EndGlobalSection
EndGlobal
